
Microsoft Visual Studio Solution File, Format Version 12.00
# Visual Studio Version 17
VisualStudioVersion = 17.0.31903.59
MinimumVisualStudioVersion = 10.0.40219.1
Project("{2150E333-8FDC-42A3-9474-1A3956D46DE8}") = "src", "src", "{827E0CD3-B72D-47B6-A68D-7590B98EB39B}"
EndProject
Project("{FAE04EC0-301F-11D3-BF4B-00C04F79EFBC}") = "OS.Agent.Api", "src\OS.Agent.Api\OS.Agent.Api.csproj", "{320FC6FA-6DB3-438A-AB71-5246E26DB036}"
EndProject
Project("{FAE04EC0-301F-11D3-BF4B-00C04F79EFBC}") = "OS.Agent.Storage", "src\OS.Agent.Storage\OS.Agent.Storage.csproj", "{916CDF56-47D2-4749-A21A-DC130701C110}"
EndProject
Project("{FAE04EC0-301F-11D3-BF4B-00C04F79EFBC}") = "OS.Agent.Workers", "src\OS.Agent.Workers\OS.Agent.Workers.csproj", "{D9197395-FF20-4AD1-838D-E4E1FD8F880C}"
EndProject
Project("{FAE04EC0-301F-11D3-BF4B-00C04F79EFBC}") = "OS.Agent.Events", "src\OS.Agent.Events\OS.Agent.Events.csproj", "{ED239B77-4097-40B3-BBBC-0153F1F27422}"
EndProject
Global
	GlobalSection(SolutionConfigurationPlatforms) = preSolution
		Debug|Any CPU = Debug|Any CPU
		Debug|x64 = Debug|x64
		Debug|x86 = Debug|x86
		Release|Any CPU = Release|Any CPU
		Release|x64 = Release|x64
		Release|x86 = Release|x86
	EndGlobalSection
	GlobalSection(ProjectConfigurationPlatforms) = postSolution
		{320FC6FA-6DB3-438A-AB71-5246E26DB036}.Debug|Any CPU.ActiveCfg = Debug|Any CPU
		{320FC6FA-6DB3-438A-AB71-5246E26DB036}.Debug|Any CPU.Build.0 = Debug|Any CPU
		{320FC6FA-6DB3-438A-AB71-5246E26DB036}.Debug|x64.ActiveCfg = Debug|Any CPU
		{320FC6FA-6DB3-438A-AB71-5246E26DB036}.Debug|x64.Build.0 = Debug|Any CPU
		{320FC6FA-6DB3-438A-AB71-5246E26DB036}.Debug|x86.ActiveCfg = Debug|Any CPU
		{320FC6FA-6DB3-438A-AB71-5246E26DB036}.Debug|x86.Build.0 = Debug|Any CPU
		{320FC6FA-6DB3-438A-AB71-5246E26DB036}.Release|Any CPU.ActiveCfg = Release|Any CPU
		{320FC6FA-6DB3-438A-AB71-5246E26DB036}.Release|Any CPU.Build.0 = Release|Any CPU
		{320FC6FA-6DB3-438A-AB71-5246E26DB036}.Release|x64.ActiveCfg = Release|Any CPU
		{320FC6FA-6DB3-438A-AB71-5246E26DB036}.Release|x64.Build.0 = Release|Any CPU
		{320FC6FA-6DB3-438A-AB71-5246E26DB036}.Release|x86.ActiveCfg = Release|Any CPU
		{320FC6FA-6DB3-438A-AB71-5246E26DB036}.Release|x86.Build.0 = Release|Any CPU
		{916CDF56-47D2-4749-A21A-DC130701C110}.Debug|Any CPU.ActiveCfg = Debug|Any CPU
		{916CDF56-47D2-4749-A21A-DC130701C110}.Debug|Any CPU.Build.0 = Debug|Any CPU
		{916CDF56-47D2-4749-A21A-DC130701C110}.Debug|x64.ActiveCfg = Debug|Any CPU
		{916CDF56-47D2-4749-A21A-DC130701C110}.Debug|x64.Build.0 = Debug|Any CPU
		{916CDF56-47D2-4749-A21A-DC130701C110}.Debug|x86.ActiveCfg = Debug|Any CPU
		{916CDF56-47D2-4749-A21A-DC130701C110}.Debug|x86.Build.0 = Debug|Any CPU
		{916CDF56-47D2-4749-A21A-DC130701C110}.Release|Any CPU.ActiveCfg = Release|Any CPU
		{916CDF56-47D2-4749-A21A-DC130701C110}.Release|Any CPU.Build.0 = Release|Any CPU
		{916CDF56-47D2-4749-A21A-DC130701C110}.Release|x64.ActiveCfg = Release|Any CPU
		{916CDF56-47D2-4749-A21A-DC130701C110}.Release|x64.Build.0 = Release|Any CPU
		{916CDF56-47D2-4749-A21A-DC130701C110}.Release|x86.ActiveCfg = Release|Any CPU
		{916CDF56-47D2-4749-A21A-DC130701C110}.Release|x86.Build.0 = Release|Any CPU
		{D9197395-FF20-4AD1-838D-E4E1FD8F880C}.Debug|Any CPU.ActiveCfg = Debug|Any CPU
		{D9197395-FF20-4AD1-838D-E4E1FD8F880C}.Debug|Any CPU.Build.0 = Debug|Any CPU
		{D9197395-FF20-4AD1-838D-E4E1FD8F880C}.Debug|x64.ActiveCfg = Debug|Any CPU
		{D9197395-FF20-4AD1-838D-E4E1FD8F880C}.Debug|x64.Build.0 = Debug|Any CPU
		{D9197395-FF20-4AD1-838D-E4E1FD8F880C}.Debug|x86.ActiveCfg = Debug|Any CPU
		{D9197395-FF20-4AD1-838D-E4E1FD8F880C}.Debug|x86.Build.0 = Debug|Any CPU
		{D9197395-FF20-4AD1-838D-E4E1FD8F880C}.Release|Any CPU.ActiveCfg = Release|Any CPU
		{D9197395-FF20-4AD1-838D-E4E1FD8F880C}.Release|Any CPU.Build.0 = Release|Any CPU
		{D9197395-FF20-4AD1-838D-E4E1FD8F880C}.Release|x64.ActiveCfg = Release|Any CPU
		{D9197395-FF20-4AD1-838D-E4E1FD8F880C}.Release|x64.Build.0 = Release|Any CPU
		{D9197395-FF20-4AD1-838D-E4E1FD8F880C}.Release|x86.ActiveCfg = Release|Any CPU
		{D9197395-FF20-4AD1-838D-E4E1FD8F880C}.Release|x86.Build.0 = Release|Any CPU
		{ED239B77-4097-40B3-BBBC-0153F1F27422}.Debug|Any CPU.ActiveCfg = Debug|Any CPU
		{ED239B77-4097-40B3-BBBC-0153F1F27422}.Debug|Any CPU.Build.0 = Debug|Any CPU
		{ED239B77-4097-40B3-BBBC-0153F1F27422}.Debug|x64.ActiveCfg = Debug|Any CPU
		{ED239B77-4097-40B3-BBBC-0153F1F27422}.Debug|x64.Build.0 = Debug|Any CPU
		{ED239B77-4097-40B3-BBBC-0153F1F27422}.Debug|x86.ActiveCfg = Debug|Any CPU
		{ED239B77-4097-40B3-BBBC-0153F1F27422}.Debug|x86.Build.0 = Debug|Any CPU
		{ED239B77-4097-40B3-BBBC-0153F1F27422}.Release|Any CPU.ActiveCfg = Release|Any CPU
		{ED239B77-4097-40B3-BBBC-0153F1F27422}.Release|Any CPU.Build.0 = Release|Any CPU
		{ED239B77-4097-40B3-BBBC-0153F1F27422}.Release|x64.ActiveCfg = Release|Any CPU
		{ED239B77-4097-40B3-BBBC-0153F1F27422}.Release|x64.Build.0 = Release|Any CPU
		{ED239B77-4097-40B3-BBBC-0153F1F27422}.Release|x86.ActiveCfg = Release|Any CPU
		{ED239B77-4097-40B3-BBBC-0153F1F27422}.Release|x86.Build.0 = Release|Any CPU
	EndGlobalSection
	GlobalSection(SolutionProperties) = preSolution
		HideSolutionNode = FALSE
	EndGlobalSection
	GlobalSection(NestedProjects) = preSolution
		{320FC6FA-6DB3-438A-AB71-5246E26DB036} = {827E0CD3-B72D-47B6-A68D-7590B98EB39B}
		{916CDF56-47D2-4749-A21A-DC130701C110} = {827E0CD3-B72D-47B6-A68D-7590B98EB39B}
		{D9197395-FF20-4AD1-838D-E4E1FD8F880C} = {827E0CD3-B72D-47B6-A68D-7590B98EB39B}
		{ED239B77-4097-40B3-BBBC-0153F1F27422} = {827E0CD3-B72D-47B6-A68D-7590B98EB39B}
	EndGlobalSection
EndGlobal
