
Microsoft Visual Studio Solution File, Format Version 12.00
# Visual Studio Version 17
VisualStudioVersion = 17.0.31903.59
MinimumVisualStudioVersion = 10.0.40219.1
Project("{2150E333-8FDC-42A3-9474-1A3956D46DE8}") = "src", "src", "{827E0CD3-B72D-47B6-A68D-7590B98EB39B}"
EndProject
Project("{FAE04EC0-301F-11D3-BF4B-00C04F79EFBC}") = "OS.Agent.Api", "src\OS.Agent.Api\OS.Agent.Api.csproj", "{320FC6FA-6DB3-438A-AB71-5246E26DB036}"
EndProject
Project("{FAE04EC0-301F-11D3-BF4B-00C04F79EFBC}") = "OS.Agent.Storage", "src\OS.Agent.Storage\OS.Agent.Storage.csproj", "{916CDF56-47D2-4749-A21A-DC130701C110}"
EndProject
Project("{FAE04EC0-301F-11D3-BF4B-00C04F79EFBC}") = "OS.Agent.Workers", "src\OS.Agent.Workers\OS.Agent.Workers.csproj", "{D9197395-FF20-4AD1-838D-E4E1FD8F880C}"
EndProject
Project("{FAE04EC0-301F-11D3-BF4B-00C04F79EFBC}") = "OS.Agent.Events", "src\OS.Agent.Events\OS.Agent.Events.csproj", "{ED239B77-4097-40B3-BBBC-0153F1F27422}"
EndProject
Project("{FAE04EC0-301F-11D3-BF4B-00C04F79EFBC}") = "OS.Agent.Services", "src\OS.Agent.Services\OS.Agent.Services.csproj", "{55831874-29BB-48E0-8B64-9FD725F0BEBC}"
EndProject
Project("{FAE04EC0-301F-11D3-BF4B-00C04F79EFBC}") = "OS.Agent.Prompts", "src\OS.Agent.Prompts\OS.Agent.Prompts.csproj", "{0A4E63E6-2416-43D7-9226-4921BE73D4A0}"
EndProject
Project("{FAE04EC0-301F-11D3-BF4B-00C04F79EFBC}") = "OS.Agent.Drivers", "src\OS.Agent.Drivers\OS.Agent.Drivers.csproj", "{C29DF875-BD6C-4DC5-8C10-CF81C5310F0E}"
EndProject
Project("{FAE04EC0-301F-11D3-BF4B-00C04F79EFBC}") = "OS.Agent.Settings", "src\OS.Agent.Settings\OS.Agent.Settings.csproj", "{7F1287D1-FCF5-4418-9F3E-E564F527A1D5}"
EndProject
Project("{FAE04EC0-301F-11D3-BF4B-00C04F79EFBC}") = "OS.Agent.Cards", "src\OS.Agent.Cards\OS.Agent.Cards.csproj", "{C772726D-DB33-4B0D-B0C8-9AB72B7CB084}"
EndProject
Project("{FAE04EC0-301F-11D3-BF4B-00C04F79EFBC}") = "OS.Agent.Json", "src\OS.Agent.Json\OS.Agent.Json.csproj", "{624B2E1D-2E48-421D-882D-19553CC93D95}"
EndProject
Global
	GlobalSection(SolutionConfigurationPlatforms) = preSolution
		Debug|Any CPU = Debug|Any CPU
		Debug|x64 = Debug|x64
		Debug|x86 = Debug|x86
		Release|Any CPU = Release|Any CPU
		Release|x64 = Release|x64
		Release|x86 = Release|x86
	EndGlobalSection
	GlobalSection(ProjectConfigurationPlatforms) = postSolution
		{320FC6FA-6DB3-438A-AB71-5246E26DB036}.Debug|Any CPU.ActiveCfg = Debug|Any CPU
		{320FC6FA-6DB3-438A-AB71-5246E26DB036}.Debug|Any CPU.Build.0 = Debug|Any CPU
		{320FC6FA-6DB3-438A-AB71-5246E26DB036}.Debug|x64.ActiveCfg = Debug|Any CPU
		{320FC6FA-6DB3-438A-AB71-5246E26DB036}.Debug|x64.Build.0 = Debug|Any CPU
		{320FC6FA-6DB3-438A-AB71-5246E26DB036}.Debug|x86.ActiveCfg = Debug|Any CPU
		{320FC6FA-6DB3-438A-AB71-5246E26DB036}.Debug|x86.Build.0 = Debug|Any CPU
		{320FC6FA-6DB3-438A-AB71-5246E26DB036}.Release|Any CPU.ActiveCfg = Release|Any CPU
		{320FC6FA-6DB3-438A-AB71-5246E26DB036}.Release|Any CPU.Build.0 = Release|Any CPU
		{320FC6FA-6DB3-438A-AB71-5246E26DB036}.Release|x64.ActiveCfg = Release|Any CPU
		{320FC6FA-6DB3-438A-AB71-5246E26DB036}.Release|x64.Build.0 = Release|Any CPU
		{320FC6FA-6DB3-438A-AB71-5246E26DB036}.Release|x86.ActiveCfg = Release|Any CPU
		{320FC6FA-6DB3-438A-AB71-5246E26DB036}.Release|x86.Build.0 = Release|Any CPU
		{916CDF56-47D2-4749-A21A-DC130701C110}.Debug|Any CPU.ActiveCfg = Debug|Any CPU
		{916CDF56-47D2-4749-A21A-DC130701C110}.Debug|Any CPU.Build.0 = Debug|Any CPU
		{916CDF56-47D2-4749-A21A-DC130701C110}.Debug|x64.ActiveCfg = Debug|Any CPU
		{916CDF56-47D2-4749-A21A-DC130701C110}.Debug|x64.Build.0 = Debug|Any CPU
		{916CDF56-47D2-4749-A21A-DC130701C110}.Debug|x86.ActiveCfg = Debug|Any CPU
		{916CDF56-47D2-4749-A21A-DC130701C110}.Debug|x86.Build.0 = Debug|Any CPU
		{916CDF56-47D2-4749-A21A-DC130701C110}.Release|Any CPU.ActiveCfg = Release|Any CPU
		{916CDF56-47D2-4749-A21A-DC130701C110}.Release|Any CPU.Build.0 = Release|Any CPU
		{916CDF56-47D2-4749-A21A-DC130701C110}.Release|x64.ActiveCfg = Release|Any CPU
		{916CDF56-47D2-4749-A21A-DC130701C110}.Release|x64.Build.0 = Release|Any CPU
		{916CDF56-47D2-4749-A21A-DC130701C110}.Release|x86.ActiveCfg = Release|Any CPU
		{916CDF56-47D2-4749-A21A-DC130701C110}.Release|x86.Build.0 = Release|Any CPU
		{D9197395-FF20-4AD1-838D-E4E1FD8F880C}.Debug|Any CPU.ActiveCfg = Debug|Any CPU
		{D9197395-FF20-4AD1-838D-E4E1FD8F880C}.Debug|Any CPU.Build.0 = Debug|Any CPU
		{D9197395-FF20-4AD1-838D-E4E1FD8F880C}.Debug|x64.ActiveCfg = Debug|Any CPU
		{D9197395-FF20-4AD1-838D-E4E1FD8F880C}.Debug|x64.Build.0 = Debug|Any CPU
		{D9197395-FF20-4AD1-838D-E4E1FD8F880C}.Debug|x86.ActiveCfg = Debug|Any CPU
		{D9197395-FF20-4AD1-838D-E4E1FD8F880C}.Debug|x86.Build.0 = Debug|Any CPU
		{D9197395-FF20-4AD1-838D-E4E1FD8F880C}.Release|Any CPU.ActiveCfg = Release|Any CPU
		{D9197395-FF20-4AD1-838D-E4E1FD8F880C}.Release|Any CPU.Build.0 = Release|Any CPU
		{D9197395-FF20-4AD1-838D-E4E1FD8F880C}.Release|x64.ActiveCfg = Release|Any CPU
		{D9197395-FF20-4AD1-838D-E4E1FD8F880C}.Release|x64.Build.0 = Release|Any CPU
		{D9197395-FF20-4AD1-838D-E4E1FD8F880C}.Release|x86.ActiveCfg = Release|Any CPU
		{D9197395-FF20-4AD1-838D-E4E1FD8F880C}.Release|x86.Build.0 = Release|Any CPU
		{ED239B77-4097-40B3-BBBC-0153F1F27422}.Debug|Any CPU.ActiveCfg = Debug|Any CPU
		{ED239B77-4097-40B3-BBBC-0153F1F27422}.Debug|Any CPU.Build.0 = Debug|Any CPU
		{ED239B77-4097-40B3-BBBC-0153F1F27422}.Debug|x64.ActiveCfg = Debug|Any CPU
		{ED239B77-4097-40B3-BBBC-0153F1F27422}.Debug|x64.Build.0 = Debug|Any CPU
		{ED239B77-4097-40B3-BBBC-0153F1F27422}.Debug|x86.ActiveCfg = Debug|Any CPU
		{ED239B77-4097-40B3-BBBC-0153F1F27422}.Debug|x86.Build.0 = Debug|Any CPU
		{ED239B77-4097-40B3-BBBC-0153F1F27422}.Release|Any CPU.ActiveCfg = Release|Any CPU
		{ED239B77-4097-40B3-BBBC-0153F1F27422}.Release|Any CPU.Build.0 = Release|Any CPU
		{ED239B77-4097-40B3-BBBC-0153F1F27422}.Release|x64.ActiveCfg = Release|Any CPU
		{ED239B77-4097-40B3-BBBC-0153F1F27422}.Release|x64.Build.0 = Release|Any CPU
		{ED239B77-4097-40B3-BBBC-0153F1F27422}.Release|x86.ActiveCfg = Release|Any CPU
		{ED239B77-4097-40B3-BBBC-0153F1F27422}.Release|x86.Build.0 = Release|Any CPU
		{55831874-29BB-48E0-8B64-9FD725F0BEBC}.Debug|Any CPU.ActiveCfg = Debug|Any CPU
		{55831874-29BB-48E0-8B64-9FD725F0BEBC}.Debug|Any CPU.Build.0 = Debug|Any CPU
		{55831874-29BB-48E0-8B64-9FD725F0BEBC}.Debug|x64.ActiveCfg = Debug|Any CPU
		{55831874-29BB-48E0-8B64-9FD725F0BEBC}.Debug|x64.Build.0 = Debug|Any CPU
		{55831874-29BB-48E0-8B64-9FD725F0BEBC}.Debug|x86.ActiveCfg = Debug|Any CPU
		{55831874-29BB-48E0-8B64-9FD725F0BEBC}.Debug|x86.Build.0 = Debug|Any CPU
		{55831874-29BB-48E0-8B64-9FD725F0BEBC}.Release|Any CPU.ActiveCfg = Release|Any CPU
		{55831874-29BB-48E0-8B64-9FD725F0BEBC}.Release|Any CPU.Build.0 = Release|Any CPU
		{55831874-29BB-48E0-8B64-9FD725F0BEBC}.Release|x64.ActiveCfg = Release|Any CPU
		{55831874-29BB-48E0-8B64-9FD725F0BEBC}.Release|x64.Build.0 = Release|Any CPU
		{55831874-29BB-48E0-8B64-9FD725F0BEBC}.Release|x86.ActiveCfg = Release|Any CPU
		{55831874-29BB-48E0-8B64-9FD725F0BEBC}.Release|x86.Build.0 = Release|Any CPU
		{0A4E63E6-2416-43D7-9226-4921BE73D4A0}.Debug|Any CPU.ActiveCfg = Debug|Any CPU
		{0A4E63E6-2416-43D7-9226-4921BE73D4A0}.Debug|Any CPU.Build.0 = Debug|Any CPU
		{0A4E63E6-2416-43D7-9226-4921BE73D4A0}.Debug|x64.ActiveCfg = Debug|Any CPU
		{0A4E63E6-2416-43D7-9226-4921BE73D4A0}.Debug|x64.Build.0 = Debug|Any CPU
		{0A4E63E6-2416-43D7-9226-4921BE73D4A0}.Debug|x86.ActiveCfg = Debug|Any CPU
		{0A4E63E6-2416-43D7-9226-4921BE73D4A0}.Debug|x86.Build.0 = Debug|Any CPU
		{0A4E63E6-2416-43D7-9226-4921BE73D4A0}.Release|Any CPU.ActiveCfg = Release|Any CPU
		{0A4E63E6-2416-43D7-9226-4921BE73D4A0}.Release|Any CPU.Build.0 = Release|Any CPU
		{0A4E63E6-2416-43D7-9226-4921BE73D4A0}.Release|x64.ActiveCfg = Release|Any CPU
		{0A4E63E6-2416-43D7-9226-4921BE73D4A0}.Release|x64.Build.0 = Release|Any CPU
		{0A4E63E6-2416-43D7-9226-4921BE73D4A0}.Release|x86.ActiveCfg = Release|Any CPU
		{0A4E63E6-2416-43D7-9226-4921BE73D4A0}.Release|x86.Build.0 = Release|Any CPU
		{C29DF875-BD6C-4DC5-8C10-CF81C5310F0E}.Debug|Any CPU.ActiveCfg = Debug|Any CPU
		{C29DF875-BD6C-4DC5-8C10-CF81C5310F0E}.Debug|Any CPU.Build.0 = Debug|Any CPU
		{C29DF875-BD6C-4DC5-8C10-CF81C5310F0E}.Debug|x64.ActiveCfg = Debug|Any CPU
		{C29DF875-BD6C-4DC5-8C10-CF81C5310F0E}.Debug|x64.Build.0 = Debug|Any CPU
		{C29DF875-BD6C-4DC5-8C10-CF81C5310F0E}.Debug|x86.ActiveCfg = Debug|Any CPU
		{C29DF875-BD6C-4DC5-8C10-CF81C5310F0E}.Debug|x86.Build.0 = Debug|Any CPU
		{C29DF875-BD6C-4DC5-8C10-CF81C5310F0E}.Release|Any CPU.ActiveCfg = Release|Any CPU
		{C29DF875-BD6C-4DC5-8C10-CF81C5310F0E}.Release|Any CPU.Build.0 = Release|Any CPU
		{C29DF875-BD6C-4DC5-8C10-CF81C5310F0E}.Release|x64.ActiveCfg = Release|Any CPU
		{C29DF875-BD6C-4DC5-8C10-CF81C5310F0E}.Release|x64.Build.0 = Release|Any CPU
		{C29DF875-BD6C-4DC5-8C10-CF81C5310F0E}.Release|x86.ActiveCfg = Release|Any CPU
		{C29DF875-BD6C-4DC5-8C10-CF81C5310F0E}.Release|x86.Build.0 = Release|Any CPU
		{7F1287D1-FCF5-4418-9F3E-E564F527A1D5}.Debug|Any CPU.ActiveCfg = Debug|Any CPU
		{7F1287D1-FCF5-4418-9F3E-E564F527A1D5}.Debug|Any CPU.Build.0 = Debug|Any CPU
		{7F1287D1-FCF5-4418-9F3E-E564F527A1D5}.Debug|x64.ActiveCfg = Debug|Any CPU
		{7F1287D1-FCF5-4418-9F3E-E564F527A1D5}.Debug|x64.Build.0 = Debug|Any CPU
		{7F1287D1-FCF5-4418-9F3E-E564F527A1D5}.Debug|x86.ActiveCfg = Debug|Any CPU
		{7F1287D1-FCF5-4418-9F3E-E564F527A1D5}.Debug|x86.Build.0 = Debug|Any CPU
		{7F1287D1-FCF5-4418-9F3E-E564F527A1D5}.Release|Any CPU.ActiveCfg = Release|Any CPU
		{7F1287D1-FCF5-4418-9F3E-E564F527A1D5}.Release|Any CPU.Build.0 = Release|Any CPU
		{7F1287D1-FCF5-4418-9F3E-E564F527A1D5}.Release|x64.ActiveCfg = Release|Any CPU
		{7F1287D1-FCF5-4418-9F3E-E564F527A1D5}.Release|x64.Build.0 = Release|Any CPU
		{7F1287D1-FCF5-4418-9F3E-E564F527A1D5}.Release|x86.ActiveCfg = Release|Any CPU
		{7F1287D1-FCF5-4418-9F3E-E564F527A1D5}.Release|x86.Build.0 = Release|Any CPU
		{C772726D-DB33-4B0D-B0C8-9AB72B7CB084}.Debug|Any CPU.ActiveCfg = Debug|Any CPU
		{C772726D-DB33-4B0D-B0C8-9AB72B7CB084}.Debug|Any CPU.Build.0 = Debug|Any CPU
		{C772726D-DB33-4B0D-B0C8-9AB72B7CB084}.Debug|x64.ActiveCfg = Debug|Any CPU
		{C772726D-DB33-4B0D-B0C8-9AB72B7CB084}.Debug|x64.Build.0 = Debug|Any CPU
		{C772726D-DB33-4B0D-B0C8-9AB72B7CB084}.Debug|x86.ActiveCfg = Debug|Any CPU
		{C772726D-DB33-4B0D-B0C8-9AB72B7CB084}.Debug|x86.Build.0 = Debug|Any CPU
		{C772726D-DB33-4B0D-B0C8-9AB72B7CB084}.Release|Any CPU.ActiveCfg = Release|Any CPU
		{C772726D-DB33-4B0D-B0C8-9AB72B7CB084}.Release|Any CPU.Build.0 = Release|Any CPU
		{C772726D-DB33-4B0D-B0C8-9AB72B7CB084}.Release|x64.ActiveCfg = Release|Any CPU
		{C772726D-DB33-4B0D-B0C8-9AB72B7CB084}.Release|x64.Build.0 = Release|Any CPU
		{C772726D-DB33-4B0D-B0C8-9AB72B7CB084}.Release|x86.ActiveCfg = Release|Any CPU
		{C772726D-DB33-4B0D-B0C8-9AB72B7CB084}.Release|x86.Build.0 = Release|Any CPU
		{624B2E1D-2E48-421D-882D-19553CC93D95}.Debug|Any CPU.ActiveCfg = Debug|Any CPU
		{624B2E1D-2E48-421D-882D-19553CC93D95}.Debug|Any CPU.Build.0 = Debug|Any CPU
		{624B2E1D-2E48-421D-882D-19553CC93D95}.Debug|x64.ActiveCfg = Debug|Any CPU
		{624B2E1D-2E48-421D-882D-19553CC93D95}.Debug|x64.Build.0 = Debug|Any CPU
		{624B2E1D-2E48-421D-882D-19553CC93D95}.Debug|x86.ActiveCfg = Debug|Any CPU
		{624B2E1D-2E48-421D-882D-19553CC93D95}.Debug|x86.Build.0 = Debug|Any CPU
		{624B2E1D-2E48-421D-882D-19553CC93D95}.Release|Any CPU.ActiveCfg = Release|Any CPU
		{624B2E1D-2E48-421D-882D-19553CC93D95}.Release|Any CPU.Build.0 = Release|Any CPU
		{624B2E1D-2E48-421D-882D-19553CC93D95}.Release|x64.ActiveCfg = Release|Any CPU
		{624B2E1D-2E48-421D-882D-19553CC93D95}.Release|x64.Build.0 = Release|Any CPU
		{624B2E1D-2E48-421D-882D-19553CC93D95}.Release|x86.ActiveCfg = Release|Any CPU
		{624B2E1D-2E48-421D-882D-19553CC93D95}.Release|x86.Build.0 = Release|Any CPU
	EndGlobalSection
	GlobalSection(SolutionProperties) = preSolution
		HideSolutionNode = FALSE
	EndGlobalSection
	GlobalSection(NestedProjects) = preSolution
		{320FC6FA-6DB3-438A-AB71-5246E26DB036} = {827E0CD3-B72D-47B6-A68D-7590B98EB39B}
		{916CDF56-47D2-4749-A21A-DC130701C110} = {827E0CD3-B72D-47B6-A68D-7590B98EB39B}
		{D9197395-FF20-4AD1-838D-E4E1FD8F880C} = {827E0CD3-B72D-47B6-A68D-7590B98EB39B}
		{ED239B77-4097-40B3-BBBC-0153F1F27422} = {827E0CD3-B72D-47B6-A68D-7590B98EB39B}
		{55831874-29BB-48E0-8B64-9FD725F0BEBC} = {827E0CD3-B72D-47B6-A68D-7590B98EB39B}
		{0A4E63E6-2416-43D7-9226-4921BE73D4A0} = {827E0CD3-B72D-47B6-A68D-7590B98EB39B}
		{C29DF875-BD6C-4DC5-8C10-CF81C5310F0E} = {827E0CD3-B72D-47B6-A68D-7590B98EB39B}
		{7F1287D1-FCF5-4418-9F3E-E564F527A1D5} = {827E0CD3-B72D-47B6-A68D-7590B98EB39B}
		{C772726D-DB33-4B0D-B0C8-9AB72B7CB084} = {827E0CD3-B72D-47B6-A68D-7590B98EB39B}
		{624B2E1D-2E48-421D-882D-19553CC93D95} = {827E0CD3-B72D-47B6-A68D-7590B98EB39B}
	EndGlobalSection
EndGlobal
